{
  "requires": true,
  "lockfileVersion": 1,
  "dependencies": {
    "dompurify": {
      "version": "1.0.8",
      "resolved": "https://registry.npmjs.org/dompurify/-/dompurify-1.0.8.tgz",
      "integrity": "sha512-vetRFbN1SXSPfP3ClIiYnxTrXquSqakBEOoB5JESn0SVcSYzpu6ougjakpKnskGctYdlNpwf+riUHSkG7d4XUw=="
    }
  }
}
